
Microsoft Visual Studio Solution File, Format Version 12.00
# Visual Studio 2012
Project("{2150E333-8FDC-42A3-9474-1A3956D46DE8}") = "Main Tutorials", "Main Tutorials", "{26FF1E94-61DD-4E24-A071-50FA11CAC038}"
EndProject
Project("{8BC9CEB8-8B4A-11D0-8D11-00A0C91BC942}") = "Tutorial1 - Your First Triangle", "1) Your First Triangle\Tutorial1.vcxproj", "{061C02AD-EAAA-4BB1-9D23-1B1E55D0E924}"
	ProjectSection(ProjectDependencies) = postProject
		{98D6B51B-CB0A-4389-ADC6-24082B967C3F} = {98D6B51B-CB0A-4389-ADC6-24082B967C3F}
	EndProjectSection
EndProject
Project("{8BC9CEB8-8B4A-11D0-8D11-00A0C91BC942}") = "Tutorial2 - Matrix transformations", "2) Matrix Transformations\Tutorial2.vcxproj", "{C5675B01-9FCD-47D7-BBCB-AC54444DFAF9}"
	ProjectSection(ProjectDependencies) = postProject
		{98D6B51B-CB0A-4389-ADC6-24082B967C3F} = {98D6B51B-CB0A-4389-ADC6-24082B967C3F}
	EndProjectSection
EndProject
Project("{8BC9CEB8-8B4A-11D0-8D11-00A0C91BC942}") = "Tutorial3 - Texturing", "3) Texturing\Tutorial3.vcxproj", "{67A58E4E-A392-4FFF-9D65-F24BEEB0EC77}"
	ProjectSection(ProjectDependencies) = postProject
		{98D6B51B-CB0A-4389-ADC6-24082B967C3F} = {98D6B51B-CB0A-4389-ADC6-24082B967C3F}
	EndProjectSection
EndProject
Project("{8BC9CEB8-8B4A-11D0-8D11-00A0C91BC942}") = "Tutorial4 - Depth and Transparency", "4) Depth & Transparency\Tutorial4.vcxproj", "{45EBBBBF-1252-40BA-8C99-68085713A623}"
	ProjectSection(ProjectDependencies) = postProject
		{98D6B51B-CB0A-4389-ADC6-24082B967C3F} = {98D6B51B-CB0A-4389-ADC6-24082B967C3F}
	EndProjectSection
EndProject
Project("{8BC9CEB8-8B4A-11D0-8D11-00A0C91BC942}") = "Tutorial5 - Scissors and Stencils", "5) Stencils & Scissors\Tutorial5.vcxproj", "{E32F8803-372F-4674-A0E7-11E0FECF4B87}"
	ProjectSection(ProjectDependencies) = postProject
		{98D6B51B-CB0A-4389-ADC6-24082B967C3F} = {98D6B51B-CB0A-4389-ADC6-24082B967C3F}
	EndProjectSection
EndProject
Project("{8BC9CEB8-8B4A-11D0-8D11-00A0C91BC942}") = "nclgl", "..\nclgl\nclgl.vcxproj", "{98D6B51B-CB0A-4389-ADC6-24082B967C3F}"
EndProject
Project("{8BC9CEB8-8B4A-11D0-8D11-00A0C91BC942}") = "Tutorial6 - Scene Graph", "6) Scene Graph\Tutorial6.vcxproj", "{52CBA66E-8806-488E-9C6C-E0BBDEECFC2E}"
EndProject
Project("{8BC9CEB8-8B4A-11D0-8D11-00A0C91BC942}") = "Tutorial7 - Scene Management", "7) Scene Management\Tutorial7.vcxproj", "{87B5801E-F373-4FD4-9CD4-A75E3B14039D}"
	ProjectSection(ProjectDependencies) = postProject
		{98D6B51B-CB0A-4389-ADC6-24082B967C3F} = {98D6B51B-CB0A-4389-ADC6-24082B967C3F}
	EndProjectSection
EndProject
Project("{8BC9CEB8-8B4A-11D0-8D11-00A0C91BC942}") = "Tutorial8 - Index Buffers", "8) Index Buffers\Tutorial8.vcxproj", "{5844D912-7DC1-4A49-9F98-F7FE1C053563}"
EndProject
Project("{8BC9CEB8-8B4A-11D0-8D11-00A0C91BC942}") = "Tutorial 9 - Skeletal Animation", "9) Skeletal Animation\Tutorial9.vcxproj", "{9FB8682D-BD52-4B33-B37D-D6C2141B67DE}"
EndProject
Project("{8BC9CEB8-8B4A-11D0-8D11-00A0C91BC942}") = "Tutorial10 - Post Processing", "10) Post Processing\Tutorial10.vcxproj", "{9D4EB641-9F16-458C-AA69-448DA2C2464E}"
EndProject
Global
	GlobalSection(SolutionConfigurationPlatforms) = preSolution
		Debug|Win32 = Debug|Win32
		Release|Win32 = Release|Win32
	EndGlobalSection
	GlobalSection(ProjectConfigurationPlatforms) = postSolution
		{061C02AD-EAAA-4BB1-9D23-1B1E55D0E924}.Debug|Win32.ActiveCfg = Debug|Win32
		{061C02AD-EAAA-4BB1-9D23-1B1E55D0E924}.Debug|Win32.Build.0 = Debug|Win32
		{061C02AD-EAAA-4BB1-9D23-1B1E55D0E924}.Release|Win32.ActiveCfg = Release|Win32
		{061C02AD-EAAA-4BB1-9D23-1B1E55D0E924}.Release|Win32.Build.0 = Release|Win32
		{C5675B01-9FCD-47D7-BBCB-AC54444DFAF9}.Debug|Win32.ActiveCfg = Debug|Win32
		{C5675B01-9FCD-47D7-BBCB-AC54444DFAF9}.Debug|Win32.Build.0 = Debug|Win32
		{C5675B01-9FCD-47D7-BBCB-AC54444DFAF9}.Release|Win32.ActiveCfg = Release|Win32
		{C5675B01-9FCD-47D7-BBCB-AC54444DFAF9}.Release|Win32.Build.0 = Release|Win32
		{67A58E4E-A392-4FFF-9D65-F24BEEB0EC77}.Debug|Win32.ActiveCfg = Debug|Win32
		{67A58E4E-A392-4FFF-9D65-F24BEEB0EC77}.Debug|Win32.Build.0 = Debug|Win32
		{67A58E4E-A392-4FFF-9D65-F24BEEB0EC77}.Release|Win32.ActiveCfg = Release|Win32
		{67A58E4E-A392-4FFF-9D65-F24BEEB0EC77}.Release|Win32.Build.0 = Release|Win32
		{45EBBBBF-1252-40BA-8C99-68085713A623}.Debug|Win32.ActiveCfg = Debug|Win32
		{45EBBBBF-1252-40BA-8C99-68085713A623}.Debug|Win32.Build.0 = Debug|Win32
		{45EBBBBF-1252-40BA-8C99-68085713A623}.Release|Win32.ActiveCfg = Release|Win32
		{45EBBBBF-1252-40BA-8C99-68085713A623}.Release|Win32.Build.0 = Release|Win32
		{E32F8803-372F-4674-A0E7-11E0FECF4B87}.Debug|Win32.ActiveCfg = Debug|Win32
		{E32F8803-372F-4674-A0E7-11E0FECF4B87}.Debug|Win32.Build.0 = Debug|Win32
		{E32F8803-372F-4674-A0E7-11E0FECF4B87}.Release|Win32.ActiveCfg = Release|Win32
		{E32F8803-372F-4674-A0E7-11E0FECF4B87}.Release|Win32.Build.0 = Release|Win32
		{98D6B51B-CB0A-4389-ADC6-24082B967C3F}.Debug|Win32.ActiveCfg = Debug|Win32
		{98D6B51B-CB0A-4389-ADC6-24082B967C3F}.Debug|Win32.Build.0 = Debug|Win32
		{98D6B51B-CB0A-4389-ADC6-24082B967C3F}.Release|Win32.ActiveCfg = Release|Win32
		{98D6B51B-CB0A-4389-ADC6-24082B967C3F}.Release|Win32.Build.0 = Release|Win32
		{52CBA66E-8806-488E-9C6C-E0BBDEECFC2E}.Debug|Win32.ActiveCfg = Debug|Win32
		{52CBA66E-8806-488E-9C6C-E0BBDEECFC2E}.Debug|Win32.Build.0 = Debug|Win32
		{52CBA66E-8806-488E-9C6C-E0BBDEECFC2E}.Release|Win32.ActiveCfg = Release|Win32
		{52CBA66E-8806-488E-9C6C-E0BBDEECFC2E}.Release|Win32.Build.0 = Release|Win32
		{87B5801E-F373-4FD4-9CD4-A75E3B14039D}.Debug|Win32.ActiveCfg = Debug|Win32
		{87B5801E-F373-4FD4-9CD4-A75E3B14039D}.Debug|Win32.Build.0 = Debug|Win32
		{87B5801E-F373-4FD4-9CD4-A75E3B14039D}.Release|Win32.ActiveCfg = Release|Win32
		{87B5801E-F373-4FD4-9CD4-A75E3B14039D}.Release|Win32.Build.0 = Release|Win32
		{5844D912-7DC1-4A49-9F98-F7FE1C053563}.Debug|Win32.ActiveCfg = Debug|Win32
		{5844D912-7DC1-4A49-9F98-F7FE1C053563}.Debug|Win32.Build.0 = Debug|Win32
		{5844D912-7DC1-4A49-9F98-F7FE1C053563}.Release|Win32.ActiveCfg = Release|Win32
		{5844D912-7DC1-4A49-9F98-F7FE1C053563}.Release|Win32.Build.0 = Release|Win32
		{9FB8682D-BD52-4B33-B37D-D6C2141B67DE}.Debug|Win32.ActiveCfg = Debug|Win32
		{9FB8682D-BD52-4B33-B37D-D6C2141B67DE}.Debug|Win32.Build.0 = Debug|Win32
		{9FB8682D-BD52-4B33-B37D-D6C2141B67DE}.Release|Win32.ActiveCfg = Release|Win32
		{9FB8682D-BD52-4B33-B37D-D6C2141B67DE}.Release|Win32.Build.0 = Release|Win32
		{9D4EB641-9F16-458C-AA69-448DA2C2464E}.Debug|Win32.ActiveCfg = Debug|Win32
		{9D4EB641-9F16-458C-AA69-448DA2C2464E}.Debug|Win32.Build.0 = Debug|Win32
		{9D4EB641-9F16-458C-AA69-448DA2C2464E}.Release|Win32.ActiveCfg = Release|Win32
		{9D4EB641-9F16-458C-AA69-448DA2C2464E}.Release|Win32.Build.0 = Release|Win32
	EndGlobalSection
	GlobalSection(SolutionProperties) = preSolution
		HideSolutionNode = FALSE
	EndGlobalSection
	GlobalSection(NestedProjects) = preSolution
		{061C02AD-EAAA-4BB1-9D23-1B1E55D0E924} = {26FF1E94-61DD-4E24-A071-50FA11CAC038}
		{C5675B01-9FCD-47D7-BBCB-AC54444DFAF9} = {26FF1E94-61DD-4E24-A071-50FA11CAC038}
		{67A58E4E-A392-4FFF-9D65-F24BEEB0EC77} = {26FF1E94-61DD-4E24-A071-50FA11CAC038}
		{45EBBBBF-1252-40BA-8C99-68085713A623} = {26FF1E94-61DD-4E24-A071-50FA11CAC038}
		{E32F8803-372F-4674-A0E7-11E0FECF4B87} = {26FF1E94-61DD-4E24-A071-50FA11CAC038}
		{52CBA66E-8806-488E-9C6C-E0BBDEECFC2E} = {26FF1E94-61DD-4E24-A071-50FA11CAC038}
		{87B5801E-F373-4FD4-9CD4-A75E3B14039D} = {26FF1E94-61DD-4E24-A071-50FA11CAC038}
		{5844D912-7DC1-4A49-9F98-F7FE1C053563} = {26FF1E94-61DD-4E24-A071-50FA11CAC038}
		{9FB8682D-BD52-4B33-B37D-D6C2141B67DE} = {26FF1E94-61DD-4E24-A071-50FA11CAC038}
		{9D4EB641-9F16-458C-AA69-448DA2C2464E} = {26FF1E94-61DD-4E24-A071-50FA11CAC038}
	EndGlobalSection
EndGlobal
